// !$*UTF8*$!
{
	archiveVersion = 1;
	classes = {
	};
	objectVersion = 50;
	objects = {

/* Begin PBXBuildFile section */
		F966BFF825DD2447004FDEF9 /* AppDelegate.swift in Sources */ = {isa = PBXBuildFile; fileRef = F966BFF725DD2447004FDEF9 /* AppDelegate.swift */; };
		F966BFFA25DD2447004FDEF9 /* SceneDelegate.swift in Sources */ = {isa = PBXBuildFile; fileRef = F966BFF925DD2447004FDEF9 /* SceneDelegate.swift */; };
		F966BFFC25DD2447004FDEF9 /* EmojiMemoryGameView.swift in Sources */ = {isa = PBXBuildFile; fileRef = F966BFFB25DD2447004FDEF9 /* EmojiMemoryGameView.swift */; };
		F966BFFE25DD2448004FDEF9 /* Assets.xcassets in Resources */ = {isa = PBXBuildFile; fileRef = F966BFFD25DD2448004FDEF9 /* Assets.xcassets */; };
		F966C00125DD2448004FDEF9 /* Preview Assets.xcassets in Resources */ = {isa = PBXBuildFile; fileRef = F966C00025DD2448004FDEF9 /* Preview Assets.xcassets */; };
		F966C00F25DD2448004FDEF9 /* MemorizeTests.swift in Sources */ = {isa = PBXBuildFile; fileRef = F966C00E25DD2448004FDEF9 /* MemorizeTests.swift */; };
		F966C01A25DD2448004FDEF9 /* MemorizeUITests.swift in Sources */ = {isa = PBXBuildFile; fileRef = F966C01925DD2448004FDEF9 /* MemorizeUITests.swift */; };
		F966C02B25DD34B0004FDEF9 /* MemoryGame.swift in Sources */ = {isa = PBXBuildFile; fileRef = F966C02A25DD34B0004FDEF9 /* MemoryGame.swift */; };
		F966C03025DD35B2004FDEF9 /* EmojiMemoryGame.swift in Sources */ = {isa = PBXBuildFile; fileRef = F966C02F25DD35B2004FDEF9 /* EmojiMemoryGame.swift */; };
		F9EF587325DFC1B6005DA84E /* Grid.swift in Sources */ = {isa = PBXBuildFile; fileRef = F9EF587225DFC1B6005DA84E /* Grid.swift */; };
		F9EF587825DFC87C005DA84E /* GridLayout.swift in Sources */ = {isa = PBXBuildFile; fileRef = F9EF587725DFC87C005DA84E /* GridLayout.swift */; };
		F9EF587D25DFCBED005DA84E /* Array+Identifiable.swift in Sources */ = {isa = PBXBuildFile; fileRef = F9EF587C25DFCBED005DA84E /* Array+Identifiable.swift */; };
		F9EF588225DFD917005DA84E /* Array+Only.swift in Sources */ = {isa = PBXBuildFile; fileRef = F9EF588125DFD917005DA84E /* Array+Only.swift */; };
		F9F1CBE825E3C5F600B1A516 /* Cardify.swift in Sources */ = {isa = PBXBuildFile; fileRef = F9F1CBE725E3C5F600B1A516 /* Cardify.swift */; };
		F9F1CBED25E3CE4000B1A516 /* Pie.swift in Sources */ = {isa = PBXBuildFile; fileRef = F9F1CBEC25E3CE4000B1A516 /* Pie.swift */; };
/* End PBXBuildFile section */

/* Begin PBXContainerItemProxy section */
		F966C00B25DD2448004FDEF9 /* PBXContainerItemProxy */ = {
			isa = PBXContainerItemProxy;
			containerPortal = F966BFEC25DD2447004FDEF9 /* Project object */;
			proxyType = 1;
			remoteGlobalIDString = F966BFF325DD2447004FDEF9;
			remoteInfo = Memorize;
		};
		F966C01625DD2448004FDEF9 /* PBXContainerItemProxy */ = {
			isa = PBXContainerItemProxy;
			containerPortal = F966BFEC25DD2447004FDEF9 /* Project object */;
			proxyType = 1;
			remoteGlobalIDString = F966BFF325DD2447004FDEF9;
			remoteInfo = Memorize;
		};
/* End PBXContainerItemProxy section */

/* Begin PBXFileReference section */
		F966BFF425DD2447004FDEF9 /* Memorize.app */ = {isa = PBXFileReference; explicitFileType = wrapper.application; includeInIndex = 0; path = Memorize.app; sourceTree = BUILT_PRODUCTS_DIR; };
		F966BFF725DD2447004FDEF9 /* AppDelegate.swift */ = {isa = PBXFileReference; lastKnownFileType = sourcecode.swift; path = AppDelegate.swift; sourceTree = "<group>"; };
		F966BFF925DD2447004FDEF9 /* SceneDelegate.swift */ = {isa = PBXFileReference; lastKnownFileType = sourcecode.swift; path = SceneDelegate.swift; sourceTree = "<group>"; };
		F966BFFB25DD2447004FDEF9 /* EmojiMemoryGameView.swift */ = {isa = PBXFileReference; lastKnownFileType = sourcecode.swift; path = EmojiMemoryGameView.swift; sourceTree = "<group>"; };
		F966BFFD25DD2448004FDEF9 /* Assets.xcassets */ = {isa = PBXFileReference; lastKnownFileType = folder.assetcatalog; path = Assets.xcassets; sourceTree = "<group>"; };
		F966C00025DD2448004FDEF9 /* Preview Assets.xcassets */ = {isa = PBXFileReference; lastKnownFileType = folder.assetcatalog; path = "Preview Assets.xcassets"; sourceTree = "<group>"; };
		F966C00525DD2448004FDEF9 /* Info.plist */ = {isa = PBXFileReference; lastKnownFileType = text.plist.xml; path = Info.plist; sourceTree = "<group>"; };
		F966C00A25DD2448004FDEF9 /* MemorizeTests.xctest */ = {isa = PBXFileReference; explicitFileType = wrapper.cfbundle; includeInIndex = 0; path = MemorizeTests.xctest; sourceTree = BUILT_PRODUCTS_DIR; };
		F966C00E25DD2448004FDEF9 /* MemorizeTests.swift */ = {isa = PBXFileReference; lastKnownFileType = sourcecode.swift; path = MemorizeTests.swift; sourceTree = "<group>"; };
		F966C01025DD2448004FDEF9 /* Info.plist */ = {isa = PBXFileReference; lastKnownFileType = text.plist.xml; path = Info.plist; sourceTree = "<group>"; };
		F966C01525DD2448004FDEF9 /* MemorizeUITests.xctest */ = {isa = PBXFileReference; explicitFileType = wrapper.cfbundle; includeInIndex = 0; path = MemorizeUITests.xctest; sourceTree = BUILT_PRODUCTS_DIR; };
		F966C01925DD2448004FDEF9 /* MemorizeUITests.swift */ = {isa = PBXFileReference; lastKnownFileType = sourcecode.swift; path = MemorizeUITests.swift; sourceTree = "<group>"; };
		F966C01B25DD2448004FDEF9 /* Info.plist */ = {isa = PBXFileReference; lastKnownFileType = text.plist.xml; path = Info.plist; sourceTree = "<group>"; };
		F966C02A25DD34B0004FDEF9 /* MemoryGame.swift */ = {isa = PBXFileReference; lastKnownFileType = sourcecode.swift; path = MemoryGame.swift; sourceTree = "<group>"; };
		F966C02F25DD35B2004FDEF9 /* EmojiMemoryGame.swift */ = {isa = PBXFileReference; lastKnownFileType = sourcecode.swift; path = EmojiMemoryGame.swift; sourceTree = "<group>"; };
		F9EF587225DFC1B6005DA84E /* Grid.swift */ = {isa = PBXFileReference; lastKnownFileType = sourcecode.swift; path = Grid.swift; sourceTree = "<group>"; };
		F9EF587725DFC87C005DA84E /* GridLayout.swift */ = {isa = PBXFileReference; fileEncoding = 4; lastKnownFileType = sourcecode.swift; path = GridLayout.swift; sourceTree = "<group>"; };
		F9EF587C25DFCBED005DA84E /* Array+Identifiable.swift */ = {isa = PBXFileReference; lastKnownFileType = sourcecode.swift; path = "Array+Identifiable.swift"; sourceTree = "<group>"; };
		F9EF588125DFD917005DA84E /* Array+Only.swift */ = {isa = PBXFileReference; lastKnownFileType = sourcecode.swift; path = "Array+Only.swift"; sourceTree = "<group>"; };
		F9F1CBE725E3C5F600B1A516 /* Cardify.swift */ = {isa = PBXFileReference; lastKnownFileType = sourcecode.swift; path = Cardify.swift; sourceTree = "<group>"; };
		F9F1CBEC25E3CE4000B1A516 /* Pie.swift */ = {isa = PBXFileReference; lastKnownFileType = sourcecode.swift; path = Pie.swift; sourceTree = "<group>"; };
/* End PBXFileReference section */

/* Begin PBXFrameworksBuildPhase section */
		F966BFF125DD2447004FDEF9 /* Frameworks */ = {
			isa = PBXFrameworksBuildPhase;
			buildActionMask = 2147483647;
			files = (
			);
			runOnlyForDeploymentPostprocessing = 0;
		};
		F966C00725DD2448004FDEF9 /* Frameworks */ = {
			isa = PBXFrameworksBuildPhase;
			buildActionMask = 2147483647;
			files = (
			);
			runOnlyForDeploymentPostprocessing = 0;
		};
		F966C01225DD2448004FDEF9 /* Frameworks */ = {
			isa = PBXFrameworksBuildPhase;
			buildActionMask = 2147483647;
			files = (
			);
			runOnlyForDeploymentPostprocessing = 0;
		};
/* End PBXFrameworksBuildPhase section */

/* Begin PBXGroup section */
		F966BFEB25DD2447004FDEF9 = {
			isa = PBXGroup;
			children = (
				F966BFF625DD2447004FDEF9 /* Memorize */,
				F966C00D25DD2448004FDEF9 /* MemorizeTests */,
				F966C01825DD2448004FDEF9 /* MemorizeUITests */,
				F966BFF525DD2447004FDEF9 /* Products */,
			);
			sourceTree = "<group>";
		};
		F966BFF525DD2447004FDEF9 /* Products */ = {
			isa = PBXGroup;
			children = (
				F966BFF425DD2447004FDEF9 /* Memorize.app */,
				F966C00A25DD2448004FDEF9 /* MemorizeTests.xctest */,
				F966C01525DD2448004FDEF9 /* MemorizeUITests.xctest */,
			);
			name = Products;
			sourceTree = "<group>";
		};
		F966BFF625DD2447004FDEF9 /* Memorize */ = {
			isa = PBXGroup;
			children = (
				F966BFF725DD2447004FDEF9 /* AppDelegate.swift */,
				F966BFF925DD2447004FDEF9 /* SceneDelegate.swift */,
				F966BFFB25DD2447004FDEF9 /* EmojiMemoryGameView.swift */,
				F9F1CBEC25E3CE4000B1A516 /* Pie.swift */,
				F9F1CBE725E3C5F600B1A516 /* Cardify.swift */,
				F9EF587225DFC1B6005DA84E /* Grid.swift */,
				F9EF587C25DFCBED005DA84E /* Array+Identifiable.swift */,
				F9EF588125DFD917005DA84E /* Array+Only.swift */,
				F9EF587725DFC87C005DA84E /* GridLayout.swift */,
				F966C02A25DD34B0004FDEF9 /* MemoryGame.swift */,
				F966C02F25DD35B2004FDEF9 /* EmojiMemoryGame.swift */,
				F966BFFD25DD2448004FDEF9 /* Assets.xcassets */,
				F966C00525DD2448004FDEF9 /* Info.plist */,
				F966BFFF25DD2448004FDEF9 /* Preview Content */,
			);
			path = Memorize;
			sourceTree = "<group>";
		};
		F966BFFF25DD2448004FDEF9 /* Preview Content */ = {
			isa = PBXGroup;
			children = (
				F966C00025DD2448004FDEF9 /* Preview Assets.xcassets */,
			);
			path = "Preview Content";
			sourceTree = "<group>";
		};
		F966C00D25DD2448004FDEF9 /* MemorizeTests */ = {
			isa = PBXGroup;
			children = (
				F966C00E25DD2448004FDEF9 /* MemorizeTests.swift */,
				F966C01025DD2448004FDEF9 /* Info.plist */,
			);
			path = MemorizeTests;
			sourceTree = "<group>";
		};
		F966C01825DD2448004FDEF9 /* MemorizeUITests */ = {
			isa = PBXGroup;
			children = (
				F966C01925DD2448004FDEF9 /* MemorizeUITests.swift */,
				F966C01B25DD2448004FDEF9 /* Info.plist */,
			);
			path = MemorizeUITests;
			sourceTree = "<group>";
		};
/* End PBXGroup section */

/* Begin PBXNativeTarget section */
		F966BFF325DD2447004FDEF9 /* Memorize */ = {
			isa = PBXNativeTarget;
			buildConfigurationList = F966C01E25DD2448004FDEF9 /* Build configuration list for PBXNativeTarget "Memorize" */;
			buildPhases = (
				F966BFF025DD2447004FDEF9 /* Sources */,
				F966BFF125DD2447004FDEF9 /* Frameworks */,
				F966BFF225DD2447004FDEF9 /* Resources */,
			);
			buildRules = (
			);
			dependencies = (
			);
			name = Memorize;
			productName = Memorize;
			productReference = F966BFF425DD2447004FDEF9 /* Memorize.app */;
			productType = "com.apple.product-type.application";
		};
		F966C00925DD2448004FDEF9 /* MemorizeTests */ = {
			isa = PBXNativeTarget;
			buildConfigurationList = F966C02125DD2448004FDEF9 /* Build configuration list for PBXNativeTarget "MemorizeTests" */;
			buildPhases = (
				F966C00625DD2448004FDEF9 /* Sources */,
				F966C00725DD2448004FDEF9 /* Frameworks */,
				F966C00825DD2448004FDEF9 /* Resources */,
			);
			buildRules = (
			);
			dependencies = (
				F966C00C25DD2448004FDEF9 /* PBXTargetDependency */,
			);
			name = MemorizeTests;
			productName = MemorizeTests;
			productReference = F966C00A25DD2448004FDEF9 /* MemorizeTests.xctest */;
			productType = "com.apple.product-type.bundle.unit-test";
		};
		F966C01425DD2448004FDEF9 /* MemorizeUITests */ = {
			isa = PBXNativeTarget;
			buildConfigurationList = F966C02425DD2448004FDEF9 /* Build configuration list for PBXNativeTarget "MemorizeUITests" */;
			buildPhases = (
				F966C01125DD2448004FDEF9 /* Sources */,
				F966C01225DD2448004FDEF9 /* Frameworks */,
				F966C01325DD2448004FDEF9 /* Resources */,
			);
			buildRules = (
			);
			dependencies = (
				F966C01725DD2448004FDEF9 /* PBXTargetDependency */,
			);
			name = MemorizeUITests;
			productName = MemorizeUITests;
			productReference = F966C01525DD2448004FDEF9 /* MemorizeUITests.xctest */;
			productType = "com.apple.product-type.bundle.ui-testing";
		};
/* End PBXNativeTarget section */

/* Begin PBXProject section */
		F966BFEC25DD2447004FDEF9 /* Project object */ = {
			isa = PBXProject;
			attributes = {
				LastSwiftUpdateCheck = 1210;
				LastUpgradeCheck = 1210;
				TargetAttributes = {
					F966BFF325DD2447004FDEF9 = {
						CreatedOnToolsVersion = 12.1;
					};
					F966C00925DD2448004FDEF9 = {
						CreatedOnToolsVersion = 12.1;
						TestTargetID = F966BFF325DD2447004FDEF9;
					};
					F966C01425DD2448004FDEF9 = {
						CreatedOnToolsVersion = 12.1;
						TestTargetID = F966BFF325DD2447004FDEF9;
					};
				};
			};
			buildConfigurationList = F966BFEF25DD2447004FDEF9 /* Build configuration list for PBXProject "Memorize" */;
			compatibilityVersion = "Xcode 9.3";
			developmentRegion = en;
			hasScannedForEncodings = 0;
			knownRegions = (
				en,
				Base,
			);
			mainGroup = F966BFEB25DD2447004FDEF9;
			productRefGroup = F966BFF525DD2447004FDEF9 /* Products */;
			projectDirPath = "";
			projectRoot = "";
			targets = (
				F966BFF325DD2447004FDEF9 /* Memorize */,
				F966C00925DD2448004FDEF9 /* MemorizeTests */,
				F966C01425DD2448004FDEF9 /* MemorizeUITests */,
			);
		};
/* End PBXProject section */

/* Begin PBXResourcesBuildPhase section */
		F966BFF225DD2447004FDEF9 /* Resources */ = {
			isa = PBXResourcesBuildPhase;
			buildActionMask = 2147483647;
			files = (
				F966C00125DD2448004FDEF9 /* Preview Assets.xcassets in Resources */,
				F966BFFE25DD2448004FDEF9 /* Assets.xcassets in Resources */,
			);
			runOnlyForDeploymentPostprocessing = 0;
		};
		F966C00825DD2448004FDEF9 /* Resources */ = {
			isa = PBXResourcesBuildPhase;
			buildActionMask = 2147483647;
			files = (
			);
			runOnlyForDeploymentPostprocessing = 0;
		};
		F966C01325DD2448004FDEF9 /* Resources */ = {
			isa = PBXResourcesBuildPhase;
			buildActionMask = 2147483647;
			files = (
			);
			runOnlyForDeploymentPostprocessing = 0;
		};
/* End PBXResourcesBuildPhase section */

/* Begin PBXSourcesBuildPhase section */
		F966BFF025DD2447004FDEF9 /* Sources */ = {
			isa = PBXSourcesBuildPhase;
			buildActionMask = 2147483647;
			files = (
				F966BFF825DD2447004FDEF9 /* AppDelegate.swift in Sources */,
				F966BFFA25DD2447004FDEF9 /* SceneDelegate.swift in Sources */,
				F966C02B25DD34B0004FDEF9 /* MemoryGame.swift in Sources */,
				F9EF588225DFD917005DA84E /* Array+Only.swift in Sources */,
				F966BFFC25DD2447004FDEF9 /* EmojiMemoryGameView.swift in Sources */,
				F966C03025DD35B2004FDEF9 /* EmojiMemoryGame.swift in Sources */,
				F9EF587D25DFCBED005DA84E /* Array+Identifiable.swift in Sources */,
				F9EF587825DFC87C005DA84E /* GridLayout.swift in Sources */,
				F9F1CBED25E3CE4000B1A516 /* Pie.swift in Sources */,
				F9F1CBE825E3C5F600B1A516 /* Cardify.swift in Sources */,
				F9EF587325DFC1B6005DA84E /* Grid.swift in Sources */,
			);
			runOnlyForDeploymentPostprocessing = 0;
		};
		F966C00625DD2448004FDEF9 /* Sources */ = {
			isa = PBXSourcesBuildPhase;
			buildActionMask = 2147483647;
			files = (
				F966C00F25DD2448004FDEF9 /* MemorizeTests.swift in Sources */,
			);
			runOnlyForDeploymentPostprocessing = 0;
		};
		F966C01125DD2448004FDEF9 /* Sources */ = {
			isa = PBXSourcesBuildPhase;
			buildActionMask = 2147483647;
			files = (
				F966C01A25DD2448004FDEF9 /* MemorizeUITests.swift in Sources */,
			);
			runOnlyForDeploymentPostprocessing = 0;
		};
/* End PBXSourcesBuildPhase section */

/* Begin PBXTargetDependency section */
		F966C00C25DD2448004FDEF9 /* PBXTargetDependency */ = {
			isa = PBXTargetDependency;
			target = F966BFF325DD2447004FDEF9 /* Memorize */;
			targetProxy = F966C00B25DD2448004FDEF9 /* PBXContainerItemProxy */;
		};
		F966C01725DD2448004FDEF9 /* PBXTargetDependency */ = {
			isa = PBXTargetDependency;
			target = F966BFF325DD2447004FDEF9 /* Memorize */;
			targetProxy = F966C01625DD2448004FDEF9 /* PBXContainerItemProxy */;
		};
/* End PBXTargetDependency section */

/* Begin XCBuildConfiguration section */
		F966C01C25DD2448004FDEF9 /* Debug */ = {
			isa = XCBuildConfiguration;
			buildSettings = {
				ALWAYS_SEARCH_USER_PATHS = NO;
				CLANG_ANALYZER_NONNULL = YES;
				CLANG_ANALYZER_NUMBER_OBJECT_CONVERSION = YES_AGGRESSIVE;
				CLANG_CXX_LANGUAGE_STANDARD = "gnu++14";
				CLANG_CXX_LIBRARY = "libc++";
				CLANG_ENABLE_MODULES = YES;
				CLANG_ENABLE_OBJC_ARC = YES;
				CLANG_ENABLE_OBJC_WEAK = YES;
				CLANG_WARN_BLOCK_CAPTURE_AUTORELEASING = YES;
				CLANG_WARN_BOOL_CONVERSION = YES;
				CLANG_WARN_COMMA = YES;
				CLANG_WARN_CONSTANT_CONVERSION = YES;
				CLANG_WARN_DEPRECATED_OBJC_IMPLEMENTATIONS = YES;
				CLANG_WARN_DIRECT_OBJC_ISA_USAGE = YES_ERROR;
				CLANG_WARN_DOCUMENTATION_COMMENTS = YES;
				CLANG_WARN_EMPTY_BODY = YES;
				CLANG_WARN_ENUM_CONVERSION = YES;
				CLANG_WARN_INFINITE_RECURSION = YES;
				CLANG_WARN_INT_CONVERSION = YES;
				CLANG_WARN_NON_LITERAL_NULL_CONVERSION = YES;
				CLANG_WARN_OBJC_IMPLICIT_RETAIN_SELF = YES;
				CLANG_WARN_OBJC_LITERAL_CONVERSION = YES;
				CLANG_WARN_OBJC_ROOT_CLASS = YES_ERROR;
				CLANG_WARN_QUOTED_INCLUDE_IN_FRAMEWORK_HEADER = YES;
				CLANG_WARN_RANGE_LOOP_ANALYSIS = YES;
				CLANG_WARN_STRICT_PROTOTYPES = YES;
				CLANG_WARN_SUSPICIOUS_MOVE = YES;
				CLANG_WARN_UNGUARDED_AVAILABILITY = YES_AGGRESSIVE;
				CLANG_WARN_UNREACHABLE_CODE = YES;
				CLANG_WARN__DUPLICATE_METHOD_MATCH = YES;
				COPY_PHASE_STRIP = NO;
				DEBUG_INFORMATION_FORMAT = dwarf;
				ENABLE_STRICT_OBJC_MSGSEND = YES;
				ENABLE_TESTABILITY = YES;
				GCC_C_LANGUAGE_STANDARD = gnu11;
				GCC_DYNAMIC_NO_PIC = NO;
				GCC_NO_COMMON_BLOCKS = YES;
				GCC_OPTIMIZATION_LEVEL = 0;
				GCC_PREPROCESSOR_DEFINITIONS = (
					"DEBUG=1",
					"$(inherited)",
				);
				GCC_WARN_64_TO_32_BIT_CONVERSION = YES;
				GCC_WARN_ABOUT_RETURN_TYPE = YES_ERROR;
				GCC_WARN_UNDECLARED_SELECTOR = YES;
				GCC_WARN_UNINITIALIZED_AUTOS = YES_AGGRESSIVE;
				GCC_WARN_UNUSED_FUNCTION = YES;
				GCC_WARN_UNUSED_VARIABLE = YES;
				IPHONEOS_DEPLOYMENT_TARGET = 14.1;
				MTL_ENABLE_DEBUG_INFO = INCLUDE_SOURCE;
				MTL_FAST_MATH = YES;
				ONLY_ACTIVE_ARCH = YES;
				SDKROOT = iphoneos;
				SWIFT_ACTIVE_COMPILATION_CONDITIONS = DEBUG;
				SWIFT_OPTIMIZATION_LEVEL = "-Onone";
			};
			name = Debug;
		};
		F966C01D25DD2448004FDEF9 /* Release */ = {
			isa = XCBuildConfiguration;
			buildSettings = {
				ALWAYS_SEARCH_USER_PATHS = NO;
				CLANG_ANALYZER_NONNULL = YES;
				CLANG_ANALYZER_NUMBER_OBJECT_CONVERSION = YES_AGGRESSIVE;
				CLANG_CXX_LANGUAGE_STANDARD = "gnu++14";
				CLANG_CXX_LIBRARY = "libc++";
				CLANG_ENABLE_MODULES = YES;
				CLANG_ENABLE_OBJC_ARC = YES;
				CLANG_ENABLE_OBJC_WEAK = YES;
				CLANG_WARN_BLOCK_CAPTURE_AUTORELEASING = YES;
				CLANG_WARN_BOOL_CONVERSION = YES;
				CLANG_WARN_COMMA = YES;
				CLANG_WARN_CONSTANT_CONVERSION = YES;
				CLANG_WARN_DEPRECATED_OBJC_IMPLEMENTATIONS = YES;
				CLANG_WARN_DIRECT_OBJC_ISA_USAGE = YES_ERROR;
				CLANG_WARN_DOCUMENTATION_COMMENTS = YES;
				CLANG_WARN_EMPTY_BODY = YES;
				CLANG_WARN_ENUM_CONVERSION = YES;
				CLANG_WARN_INFINITE_RECURSION = YES;
				CLANG_WARN_INT_CONVERSION = YES;
				CLANG_WARN_NON_LITERAL_NULL_CONVERSION = YES;
				CLANG_WARN_OBJC_IMPLICIT_RETAIN_SELF = YES;
				CLANG_WARN_OBJC_LITERAL_CONVERSION = YES;
				CLANG_WARN_OBJC_ROOT_CLASS = YES_ERROR;
				CLANG_WARN_QUOTED_INCLUDE_IN_FRAMEWORK_HEADER = YES;
				CLANG_WARN_RANGE_LOOP_ANALYSIS = YES;
				CLANG_WARN_STRICT_PROTOTYPES = YES;
				CLANG_WARN_SUSPICIOUS_MOVE = YES;
				CLANG_WARN_UNGUARDED_AVAILABILITY = YES_AGGRESSIVE;
				CLANG_WARN_UNREACHABLE_CODE = YES;
				CLANG_WARN__DUPLICATE_METHOD_MATCH = YES;
				COPY_PHASE_STRIP = NO;
				DEBUG_INFORMATION_FORMAT = "dwarf-with-dsym";
				ENABLE_NS_ASSERTIONS = NO;
				ENABLE_STRICT_OBJC_MSGSEND = YES;
				GCC_C_LANGUAGE_STANDARD = gnu11;
				GCC_NO_COMMON_BLOCKS = YES;
				GCC_WARN_64_TO_32_BIT_CONVERSION = YES;
				GCC_WARN_ABOUT_RETURN_TYPE = YES_ERROR;
				GCC_WARN_UNDECLARED_SELECTOR = YES;
				GCC_WARN_UNINITIALIZED_AUTOS = YES_AGGRESSIVE;
				GCC_WARN_UNUSED_FUNCTION = YES;
				GCC_WARN_UNUSED_VARIABLE = YES;
				IPHONEOS_DEPLOYMENT_TARGET = 14.1;
				MTL_ENABLE_DEBUG_INFO = NO;
				MTL_FAST_MATH = YES;
				SDKROOT = iphoneos;
				SWIFT_COMPILATION_MODE = wholemodule;
				SWIFT_OPTIMIZATION_LEVEL = "-O";
				VALIDATE_PRODUCT = YES;
			};
			name = Release;
		};
		F966C01F25DD2448004FDEF9 /* Debug */ = {
			isa = XCBuildConfiguration;
			buildSettings = {
				ASSETCATALOG_COMPILER_APPICON_NAME = AppIcon;
				ASSETCATALOG_COMPILER_GLOBAL_ACCENT_COLOR_NAME = AccentColor;
				CODE_SIGN_STYLE = Automatic;
				DEVELOPMENT_ASSET_PATHS = "\"Memorize/Preview Content\"";
				DEVELOPMENT_TEAM = LPK684545U;
				ENABLE_PREVIEWS = YES;
				INFOPLIST_FILE = Memorize/Info.plist;
				LD_RUNPATH_SEARCH_PATHS = (
					"$(inherited)",
					"@executable_path/Frameworks",
				);
				PRODUCT_BUNDLE_IDENTIFIER = com.KellyUng.Memorize;
				PRODUCT_NAME = "$(TARGET_NAME)";
				SWIFT_VERSION = 5.0;
				TARGETED_DEVICE_FAMILY = "1,2";
			};
			name = Debug;
		};
		F966C02025DD2448004FDEF9 /* Release */ = {
			isa = XCBuildConfiguration;
			buildSettings = {
				ASSETCATALOG_COMPILER_APPICON_NAME = AppIcon;
				ASSETCATALOG_COMPILER_GLOBAL_ACCENT_COLOR_NAME = AccentColor;
				CODE_SIGN_STYLE = Automatic;
				DEVELOPMENT_ASSET_PATHS = "\"Memorize/Preview Content\"";
				DEVELOPMENT_TEAM = LPK684545U;
				ENABLE_PREVIEWS = YES;
				INFOPLIST_FILE = Memorize/Info.plist;
				LD_RUNPATH_SEARCH_PATHS = (
					"$(inherited)",
					"@executable_path/Frameworks",
				);
				PRODUCT_BUNDLE_IDENTIFIER = com.KellyUng.Memorize;
				PRODUCT_NAME = "$(TARGET_NAME)";
				SWIFT_VERSION = 5.0;
				TARGETED_DEVICE_FAMILY = "1,2";
			};
			name = Release;
		};
		F966C02225DD2448004FDEF9 /* Debug */ = {
			isa = XCBuildConfiguration;
			buildSettings = {
				ALWAYS_EMBED_SWIFT_STANDARD_LIBRARIES = YES;
				BUNDLE_LOADER = "$(TEST_HOST)";
				CODE_SIGN_STYLE = Automatic;
				DEVELOPMENT_TEAM = LPK684545U;
				INFOPLIST_FILE = MemorizeTests/Info.plist;
				IPHONEOS_DEPLOYMENT_TARGET = 14.1;
				LD_RUNPATH_SEARCH_PATHS = (
					"$(inherited)",
					"@executable_path/Frameworks",
					"@loader_path/Frameworks",
				);
				PRODUCT_BUNDLE_IDENTIFIER = com.KellyUng.MemorizeTests;
				PRODUCT_NAME = "$(TARGET_NAME)";
				SWIFT_VERSION = 5.0;
				TARGETED_DEVICE_FAMILY = "1,2";
				TEST_HOST = "$(BUILT_PRODUCTS_DIR)/Memorize.app/Memorize";
			};
			name = Debug;
		};
		F966C02325DD2448004FDEF9 /* Release */ = {
			isa = XCBuildConfiguration;
			buildSettings = {
				ALWAYS_EMBED_SWIFT_STANDARD_LIBRARIES = YES;
				BUNDLE_LOADER = "$(TEST_HOST)";
				CODE_SIGN_STYLE = Automatic;
				DEVELOPMENT_TEAM = LPK684545U;
				INFOPLIST_FILE = MemorizeTests/Info.plist;
				IPHONEOS_DEPLOYMENT_TARGET = 14.1;
				LD_RUNPATH_SEARCH_PATHS = (
					"$(inherited)",
					"@executable_path/Frameworks",
					"@loader_path/Frameworks",
				);
				PRODUCT_BUNDLE_IDENTIFIER = com.KellyUng.MemorizeTests;
				PRODUCT_NAME = "$(TARGET_NAME)";
				SWIFT_VERSION = 5.0;
				TARGETED_DEVICE_FAMILY = "1,2";
				TEST_HOST = "$(BUILT_PRODUCTS_DIR)/Memorize.app/Memorize";
			};
			name = Release;
		};
		F966C02525DD2448004FDEF9 /* Debug */ = {
			isa = XCBuildConfiguration;
			buildSettings = {
				ALWAYS_EMBED_SWIFT_STANDARD_LIBRARIES = YES;
				CODE_SIGN_STYLE = Automatic;
				DEVELOPMENT_TEAM = LPK684545U;
				INFOPLIST_FILE = MemorizeUITests/Info.plist;
				LD_RUNPATH_SEARCH_PATHS = (
					"$(inherited)",
					"@executable_path/Frameworks",
					"@loader_path/Frameworks",
				);
				PRODUCT_BUNDLE_IDENTIFIER = com.KellyUng.MemorizeUITests;
				PRODUCT_NAME = "$(TARGET_NAME)";
				SWIFT_VERSION = 5.0;
				TARGETED_DEVICE_FAMILY = "1,2";
				TEST_TARGET_NAME = Memorize;
			};
			name = Debug;
		};
		F966C02625DD2448004FDEF9 /* Release */ = {
			isa = XCBuildConfiguration;
			buildSettings = {
				ALWAYS_EMBED_SWIFT_STANDARD_LIBRARIES = YES;
				CODE_SIGN_STYLE = Automatic;
				DEVELOPMENT_TEAM = LPK684545U;
				INFOPLIST_FILE = MemorizeUITests/Info.plist;
				LD_RUNPATH_SEARCH_PATHS = (
					"$(inherited)",
					"@executable_path/Frameworks",
					"@loader_path/Frameworks",
				);
				PRODUCT_BUNDLE_IDENTIFIER = com.KellyUng.MemorizeUITests;
				PRODUCT_NAME = "$(TARGET_NAME)";
				SWIFT_VERSION = 5.0;
				TARGETED_DEVICE_FAMILY = "1,2";
				TEST_TARGET_NAME = Memorize;
			};
			name = Release;
		};
/* End XCBuildConfiguration section */

/* Begin XCConfigurationList section */
		F966BFEF25DD2447004FDEF9 /* Build configuration list for PBXProject "Memorize" */ = {
			isa = XCConfigurationList;
			buildConfigurations = (
				F966C01C25DD2448004FDEF9 /* Debug */,
				F966C01D25DD2448004FDEF9 /* Release */,
			);
			defaultConfigurationIsVisible = 0;
			defaultConfigurationName = Release;
		};
		F966C01E25DD2448004FDEF9 /* Build configuration list for PBXNativeTarget "Memorize" */ = {
			isa = XCConfigurationList;
			buildConfigurations = (
				F966C01F25DD2448004FDEF9 /* Debug */,
				F966C02025DD2448004FDEF9 /* Release */,
			);
			defaultConfigurationIsVisible = 0;
			defaultConfigurationName = Release;
		};
		F966C02125DD2448004FDEF9 /* Build configuration list for PBXNativeTarget "MemorizeTests" */ = {
			isa = XCConfigurationList;
			buildConfigurations = (
				F966C02225DD2448004FDEF9 /* Debug */,
				F966C02325DD2448004FDEF9 /* Release */,
			);
			defaultConfigurationIsVisible = 0;
			defaultConfigurationName = Release;
		};
		F966C02425DD2448004FDEF9 /* Build configuration list for PBXNativeTarget "MemorizeUITests" */ = {
			isa = XCConfigurationList;
			buildConfigurations = (
				F966C02525DD2448004FDEF9 /* Debug */,
				F966C02625DD2448004FDEF9 /* Release */,
			);
			defaultConfigurationIsVisible = 0;
			defaultConfigurationName = Release;
		};
/* End XCConfigurationList section */
	};
	rootObject = F966BFEC25DD2447004FDEF9 /* Project object */;
}
